
Microsoft Visual Studio Solution File, Format Version 12.00
Project("{FAE04EC0-301F-11D3-BF4B-00C04F79EFBC}") = "ShipMeltdown", "ShipMeltdown\ShipMeltdown.csproj", "{FEC8C987-A696-4214-95F3-105526F173CB}"
EndProject
Global
	GlobalSection(SolutionConfigurationPlatforms) = preSolution
		Debug|Any CPU = Debug|Any CPU
		Release|Any CPU = Release|Any CPU
	EndGlobalSection
	GlobalSection(ProjectConfigurationPlatforms) = postSolution
		{FEC8C987-A696-4214-95F3-105526F173CB}.Debug|Any CPU.ActiveCfg = Debug|Any CPU
		{FEC8C987-A696-4214-95F3-105526F173CB}.Debug|Any CPU.Build.0 = Debug|Any CPU
		{FEC8C987-A696-4214-95F3-105526F173CB}.Release|Any CPU.ActiveCfg = Release|Any CPU
		{FEC8C987-A696-4214-95F3-105526F173CB}.Release|Any CPU.Build.0 = Release|Any CPU
	EndGlobalSection
EndGlobal
